# THIS IS AN AUTOGENERATED FILE. DO NOT EDIT THIS FILE DIRECTLY.
# yarn lockfile v1


"@rescript/darwin-arm64@12.0.0":
  version "12.0.0"
  resolved "https://registry.yarnpkg.com/@rescript/darwin-arm64/-/darwin-arm64-12.0.0.tgz#8462ce236354f6bf631384dff62dab986383dd2e"
  integrity sha512-N2zNj/Uh0zrg8BJGWxdQjYTDf0d2ZV8D+Vmct8xORaUcEZvAkvZb+xA66UxP2QGhWmATcHmBth7oJ48xpWz/Vg==

"@rescript/darwin-x64@12.0.0":
  version "12.0.0"
  resolved "https://registry.yarnpkg.com/@rescript/darwin-x64/-/darwin-x64-12.0.0.tgz#7625fa4b8939957950c2e5f5a12e984e3a8a5e12"
  integrity sha512-Qx/ao3Fl2lx3rF8mbRsyRK5HGAx8pmzyCdpSIAaUun5wLBnsJbNqgvqUH7VeI2TwaczHvcIljrYmnB7T5LJdFQ==

"@rescript/linux-arm64@12.0.0":
  version "12.0.0"
  resolved "https://registry.yarnpkg.com/@rescript/linux-arm64/-/linux-arm64-12.0.0.tgz#2e0f3c8dd61973ebd27482dbb8ea7c02858c4481"
  integrity sha512-H65csj/0uqqjYy235m0h5CFxbrsas6RoVfjy5Xjf91Vyg/r5R/QIGQvhMtFvl4QojYsa1wXzXGcujwXh+S15xQ==

"@rescript/linux-x64@12.0.0":
  version "12.0.0"
  resolved "https://registry.yarnpkg.com/@rescript/linux-x64/-/linux-x64-12.0.0.tgz#09e6dd043de09b5e0aa632103b333c4b92e6ce72"
  integrity sha512-WizQwyfMadxF096foZYU3I4zxcnNIc9XP7TP4fqdfe0v6OvQ5yHMI/uIfOsJ1GfNALce2UxvgS0pn67uxc55uA==

"@rescript/runtime@12.0.0":
  version "12.0.0"
  resolved "https://registry.yarnpkg.com/@rescript/runtime/-/runtime-12.0.0.tgz#f33c6c6709cfc06551ada3a42a9def5954317b5f"
  integrity sha512-STRbYHT5rnW61vWn2+Bdtj620XaprnoBSbPbkvOYZ+Zs8nfqtpBjhNw+JNpGQLXf73crk6MhxFGPxL2o5vb8TQ==

"@rescript/win32-x64@12.0.0":
  version "12.0.0"
  resolved "https://registry.yarnpkg.com/@rescript/win32-x64/-/win32-x64-12.0.0.tgz#2a0194d80c14c8204422682a97720b01f4b5f2b1"
  integrity sha512-kkqj4kQGbni5YglWoPm76M6hUuzKJHDEiLce5EZxW2Q4FrkS9dNRgm02c2Ck1cz/uKCS3m+ZoKQGIMMXTvo5Jw==

clean-deep@^3.4.0:
  version "3.4.0"
  resolved "https://registry.yarnpkg.com/clean-deep/-/clean-deep-3.4.0.tgz#c465c4de1003ae13a1a859e6c69366ab96069f75"
  integrity sha512-Lo78NV5ItJL/jl+B5w0BycAisaieJGXK1qYi/9m4SjR8zbqmrUtO7Yhro40wEShGmmxs/aJLI/A+jNhdkXK8mw==
  dependencies:
    lodash.isempty "^4.4.0"
    lodash.isplainobject "^4.0.6"
    lodash.transform "^4.6.0"

lodash.isempty@^4.4.0:
  version "4.4.0"
  resolved "https://registry.yarnpkg.com/lodash.isempty/-/lodash.isempty-4.4.0.tgz#6f86cbedd8be4ec987be9aaf33c9684db1b31e7e"
  integrity sha1-b4bL7di+TsmHvpqvM8loTbGzHn4=

lodash.isplainobject@^4.0.6:
  version "4.0.6"
  resolved "https://registry.yarnpkg.com/lodash.isplainobject/-/lodash.isplainobject-4.0.6.tgz#7c526a52d89b45c45cc690b88163be0497f550cb"
  integrity sha1-fFJqUtibRcRcxpC4gWO+BJf1UMs=

lodash.transform@^4.6.0:
  version "4.6.0"
  resolved "https://registry.yarnpkg.com/lodash.transform/-/lodash.transform-4.6.0.tgz#12306422f63324aed8483d3f38332b5f670547a0"
  integrity sha1-EjBkIvYzJK7YSD0/ODMrX2cFR6A=

rescript-clean-deep@2.0.0:
  version "2.0.0"
  resolved "https://registry.yarnpkg.com/rescript-clean-deep/-/rescript-clean-deep-2.0.0.tgz#5de45eb1cc831a5bf4466580d7b7b274288c56d9"
  integrity sha512-/A3EK0FRgXnLHcHEXuZspjbP7i3ul+GKpArcKRr9ie0vUQa6x0KIxN1RgcE7WpY8jXIHuGnqjAhsDFsNJMo8qg==
  dependencies:
    clean-deep "^3.4.0"

rescript@12.0.0:
  version "12.0.0"
  resolved "https://registry.yarnpkg.com/rescript/-/rescript-12.0.0.tgz#583ce5aa518b35b451f0b95bb18d90bdb9f59503"
  integrity sha512-DGcZI2L5W0c6FuEnspLE0MIe1UtTt1VsW/vQfzBFCEBxSsQtoA6YRHUB8Puwnb30PHqZiFK1ADhn6UgA8LWK0A==
  dependencies:
    "@rescript/runtime" "12.0.0"
  optionalDependencies:
    "@rescript/darwin-arm64" "12.0.0"
    "@rescript/darwin-x64" "12.0.0"
    "@rescript/linux-arm64" "12.0.0"
    "@rescript/linux-x64" "12.0.0"
    "@rescript/win32-x64" "12.0.0"
