# THIS IS AN AUTOGENERATED FILE. DO NOT EDIT THIS FILE DIRECTLY.
# yarn lockfile v1


bs-clean-deep@^1.0.6:
  version "1.0.6"
  resolved "https://registry.yarnpkg.com/bs-clean-deep/-/bs-clean-deep-1.0.6.tgz#dcc6febef7c788ace8fd4609a18c5c2f5d3da71d"
  integrity sha512-TJ5vRrzsojl8um+FzhoD2ITDgNZAFLImk3T17MswXEQqp5JNESjeyCFY2vI3p9jMRRseboOnz8YFOFzZhvYv8Q==
  dependencies:
    clean-deep "3.3.0"

bs-platform@8.1.1:
  version "8.1.1"
  resolved "https://registry.yarnpkg.com/bs-platform/-/bs-platform-8.1.1.tgz#7470b67f8d0d4385b080c2552c54c5fe9f314ece"
  integrity sha512-33wDWYteJQIhEfEpayvXK8eS2TdMtzQHFZMoMjDEY+NB2vTKWQFGoggOrJ4c7fvRzvQ2igwmc7idrxgMz39Qog==

clean-deep@3.3.0:
  version "3.3.0"
  resolved "https://registry.yarnpkg.com/clean-deep/-/clean-deep-3.3.0.tgz#00509a2cb431fa83fb202aa759534681f0309172"
  integrity sha512-zblSorO16fXSDnBU9SQay+WL6TLM8Lkh1pKiuspu/Ntgy5BPDXORZKj3F/6fgcBZ7c172Ppy8xWRo7J4D/mNfQ==
  dependencies:
    lodash.isempty "^4.4.0"
    lodash.isplainobject "^4.0.6"
    lodash.transform "^4.6.0"

lodash.isempty@^4.4.0:
  version "4.4.0"
  resolved "https://registry.yarnpkg.com/lodash.isempty/-/lodash.isempty-4.4.0.tgz#6f86cbedd8be4ec987be9aaf33c9684db1b31e7e"
  integrity sha1-b4bL7di+TsmHvpqvM8loTbGzHn4=

lodash.isplainobject@^4.0.6:
  version "4.0.6"
  resolved "https://registry.yarnpkg.com/lodash.isplainobject/-/lodash.isplainobject-4.0.6.tgz#7c526a52d89b45c45cc690b88163be0497f550cb"
  integrity sha1-fFJqUtibRcRcxpC4gWO+BJf1UMs=

lodash.transform@^4.6.0:
  version "4.6.0"
  resolved "https://registry.yarnpkg.com/lodash.transform/-/lodash.transform-4.6.0.tgz#12306422f63324aed8483d3f38332b5f670547a0"
  integrity sha1-EjBkIvYzJK7YSD0/ODMrX2cFR6A=
