# THIS IS AN AUTOGENERATED FILE. DO NOT EDIT THIS FILE DIRECTLY.
# yarn lockfile v1


bs-clean-deep@^0.1.0:
  version "0.1.0"
  resolved "https://registry.yarnpkg.com/bs-clean-deep/-/bs-clean-deep-0.1.0.tgz#01cfe17d1706cfa1cecb80c7b16b695e2683f758"
  integrity sha512-W6zbZIHwDUylG4oBNAt+98tkMXOgD3MPCFPnQZdsz1XvXj17cY23vhgTmGON2TbiQc3vvm1bYSo3LjZhIe5PdQ==
  dependencies:
    clean-deep "^3.0.2"

bs-platform@^5:
  version "5.0.0"
  resolved "https://registry.yarnpkg.com/bs-platform/-/bs-platform-5.0.0.tgz#f9fded818bafc3891aeb85eb4e0d95b8d8f8b4d7"
  integrity sha512-zxLobdIaf/r7go47hOgxcd6C0ANh7MYMEtZNb9Al7JdoekzFZI50F4GpZpP8kMh9Z+M5PoPE1WuryT4S8mT8Kg==

clean-deep@^3.0.2:
  version "3.0.2"
  resolved "https://registry.yarnpkg.com/clean-deep/-/clean-deep-3.0.2.tgz#1b7096822f289cc491ca6d85af5c028cbb22fc23"
  integrity sha512-sLUtFxYtHc3jM9pmwyYXOLln0nnQ1OhFrefQ7nqUlva1crHDbi4gVO+nnMSm5jztFXIRDMt+kMNh0mOscbARow==
  dependencies:
    lodash.isempty "^4.4.0"
    lodash.isplainobject "^4.0.6"
    lodash.transform "^4.6.0"

lodash.isempty@^4.4.0:
  version "4.4.0"
  resolved "https://registry.yarnpkg.com/lodash.isempty/-/lodash.isempty-4.4.0.tgz#6f86cbedd8be4ec987be9aaf33c9684db1b31e7e"
  integrity sha1-b4bL7di+TsmHvpqvM8loTbGzHn4=

lodash.isplainobject@^4.0.6:
  version "4.0.6"
  resolved "https://registry.yarnpkg.com/lodash.isplainobject/-/lodash.isplainobject-4.0.6.tgz#7c526a52d89b45c45cc690b88163be0497f550cb"
  integrity sha1-fFJqUtibRcRcxpC4gWO+BJf1UMs=

lodash.transform@^4.6.0:
  version "4.6.0"
  resolved "https://registry.yarnpkg.com/lodash.transform/-/lodash.transform-4.6.0.tgz#12306422f63324aed8483d3f38332b5f670547a0"
  integrity sha1-EjBkIvYzJK7YSD0/ODMrX2cFR6A=
